Microsoft Visual Studio Solution File, Format Version 12.00
# Visual Studio Version 17
VisualStudioVersion = 17.5.2.0
MinimumVisualStudioVersion = 10.0.40219.1
Project("{2150E333-8FDC-42A3-9474-1A3956D46DE8}") = "portfolio-api", "portfolio-api", "{B9208CD7-BAB3-EE55-8D2E-B2F1EF67A2F1}"
EndProject
Project("{2150E333-8FDC-42A3-9474-1A3956D46DE8}") = "src", "src", "{BBDACBED-5028-F118-0ADD-5F7BD4220C38}"
EndProject
Project("{FAE04EC0-301F-11D3-BF4B-00C04F79EFBC}") = "PortfolioApi", "portfolio-api\src\PortfolioApi\PortfolioApi.csproj", "{7CF44E4D-77D3-B24F-384D-15460408AC0B}"
EndProject
Global
	GlobalSection(SolutionConfigurationPlatforms) = preSolution
		Debug|Any CPU = Debug|Any CPU
		Release|Any CPU = Release|Any CPU
	EndGlobalSection
	GlobalSection(ProjectConfigurationPlatforms) = postSolution
		{7CF44E4D-77D3-B24F-384D-15460408AC0B}.Debug|Any CPU.ActiveCfg = Debug|Any CPU
		{7CF44E4D-77D3-B24F-384D-15460408AC0B}.Debug|Any CPU.Build.0 = Debug|Any CPU
		{7CF44E4D-77D3-B24F-384D-15460408AC0B}.Release|Any CPU.ActiveCfg = Release|Any CPU
		{7CF44E4D-77D3-B24F-384D-15460408AC0B}.Release|Any CPU.Build.0 = Release|Any CPU
	EndGlobalSection
	GlobalSection(SolutionProperties) = preSolution
		HideSolutionNode = FALSE
	EndGlobalSection
	GlobalSection(NestedProjects) = preSolution
		{BBDACBED-5028-F118-0ADD-5F7BD4220C38} = {B9208CD7-BAB3-EE55-8D2E-B2F1EF67A2F1}
		{7CF44E4D-77D3-B24F-384D-15460408AC0B} = {BBDACBED-5028-F118-0ADD-5F7BD4220C38}
	EndGlobalSection
	GlobalSection(ExtensibilityGlobals) = postSolution
		SolutionGuid = {282F5DEF-EB49-4DA1-82A9-A5A2574455B7}
	EndGlobalSection
EndGlobal
